
Microsoft Visual Studio Solution File, Format Version 12.00
# Visual Studio 2017
Project("{FAE04EC0-301F-11D3-BF4B-00C04F79EFBC}") = "GraduateDegree", "GraduateDegree.csproj", "{6990A7E1-367F-0785-30F8-AEF671D3935F}"
EndProject
Global
	GlobalSection(SolutionConfigurationPlatforms) = preSolution
		Debug|Any CPU = Debug|Any CPU
		Release|Any CPU = Release|Any CPU
	EndGlobalSection
	GlobalSection(ProjectConfigurationPlatforms) = postSolution
		{6990A7E1-367F-0785-30F8-AEF671D3935F}.Debug|Any CPU.ActiveCfg = Debug|Any CPU
		{6990A7E1-367F-0785-30F8-AEF671D3935F}.Debug|Any CPU.Build.0 = Debug|Any CPU
		{6990A7E1-367F-0785-30F8-AEF671D3935F}.Release|Any CPU.ActiveCfg = Release|Any CPU
		{6990A7E1-367F-0785-30F8-AEF671D3935F}.Release|Any CPU.Build.0 = Release|Any CPU
	EndGlobalSection
	GlobalSection(SolutionProperties) = preSolution
		HideSolutionNode = FALSE
	EndGlobalSection
EndGlobal
